Microsoft Visual Studio Solution File, Format Version 12.00
# Visual Studio 2012
Project("{FAE04EC0-301F-11D3-BF4B-00C04F79EFBC}") = "GodotCourse.NET", "GodotCourse.NET.csproj", "{D72F1759-9E78-4991-A1FC-0D48DD0D4883}"
EndProject
Global
	GlobalSection(SolutionConfigurationPlatforms) = preSolution
	Debug|Any CPU = Debug|Any CPU
	ExportDebug|Any CPU = ExportDebug|Any CPU
	ExportRelease|Any CPU = ExportRelease|Any CPU
	EndGlobalSection
	GlobalSection(ProjectConfigurationPlatforms) = postSolution
		{D72F1759-9E78-4991-A1FC-0D48DD0D4883}.Debug|Any CPU.ActiveCfg = Debug|Any CPU
		{D72F1759-9E78-4991-A1FC-0D48DD0D4883}.Debug|Any CPU.Build.0 = Debug|Any CPU
		{D72F1759-9E78-4991-A1FC-0D48DD0D4883}.ExportDebug|Any CPU.ActiveCfg = ExportDebug|Any CPU
		{D72F1759-9E78-4991-A1FC-0D48DD0D4883}.ExportDebug|Any CPU.Build.0 = ExportDebug|Any CPU
		{D72F1759-9E78-4991-A1FC-0D48DD0D4883}.ExportRelease|Any CPU.ActiveCfg = ExportRelease|Any CPU
		{D72F1759-9E78-4991-A1FC-0D48DD0D4883}.ExportRelease|Any CPU.Build.0 = ExportRelease|Any CPU
	EndGlobalSection
EndGlobal
